
Microsoft Visual Studio Solution File, Format Version 12.00
# Visual Studio Version 17
VisualStudioVersion = 17.14.36518.9 d17.14
MinimumVisualStudioVersion = 10.0.40219.1
Project("{FAE04EC0-301F-11D3-BF4B-00C04F79EFBC}") = "NombreCache", "NombreCache\NombreCache.csproj", "{FCF3171E-700B-427B-8E96-E9E3FB3E231C}"
EndProject
Global
	GlobalSection(SolutionConfigurationPlatforms) = preSolution
		Debug|Any CPU = Debug|Any CPU
		Release|Any CPU = Release|Any CPU
	EndGlobalSection
	GlobalSection(ProjectConfigurationPlatforms) = postSolution
		{FCF3171E-700B-427B-8E96-E9E3FB3E231C}.Debug|Any CPU.ActiveCfg = Debug|Any CPU
		{FCF3171E-700B-427B-8E96-E9E3FB3E231C}.Debug|Any CPU.Build.0 = Debug|Any CPU
		{FCF3171E-700B-427B-8E96-E9E3FB3E231C}.Release|Any CPU.ActiveCfg = Release|Any CPU
		{FCF3171E-700B-427B-8E96-E9E3FB3E231C}.Release|Any CPU.Build.0 = Release|Any CPU
	EndGlobalSection
	GlobalSection(SolutionProperties) = preSolution
		HideSolutionNode = FALSE
	EndGlobalSection
	GlobalSection(ExtensibilityGlobals) = postSolution
		SolutionGuid = {41BB99BD-14A4-453E-858A-55B1FABD2021}
	EndGlobalSection
EndGlobal
